// !$*UTF8*$!
{
	archiveVersion = 1;
	classes = {
	};
	objectVersion = 56;
	objects = {

/* Begin PBXBuildFile section */
		8483B9A82A5217B200CE9495 /* AppDelegate.swift in Sources */ = {isa = PBXBuildFile; fileRef = 8483B9A72A5217B200CE9495 /* AppDelegate.swift */; };
		8483B9AA2A5217B200CE9495 /* ViewController.swift in Sources */ = {isa = PBXBuildFile; fileRef = 8483B9A92A5217B200CE9495 /* ViewController.swift */; };
		8483B9AC2A5217B300CE9495 /* Assets.xcassets in Resources */ = {isa = PBXBuildFile; fileRef = 8483B9AB2A5217B300CE9495 /* Assets.xcassets */; };
		8483B9AF2A5217B300CE9495 /* Main.storyboard in Resources */ = {isa = PBXBuildFile; fileRef = 8483B9AD2A5217B300CE9495 /* Main.storyboard */; };
		8483B9BD2A5217D900CE9495 /* MenuBarUITests.swift in Sources */ = {isa = PBXBuildFile; fileRef = 8483B9BC2A5217D900CE9495 /* MenuBarUITests.swift */; };
		8483B9C92A5219E700CE9495 /* guiverify in Frameworks */ = {isa = PBXBuildFile; productRef = 8483B9C82A5219E700CE9495 /* guiverify */; };
/* End PBXBuildFile section */

/* Begin PBXContainerItemProxy section */
		8483B9C02A5217D900CE9495 /* PBXContainerItemProxy */ = {
			isa = PBXContainerItemProxy;
			containerPortal = 8483B99C2A5217B200CE9495 /* Project object */;
			proxyType = 1;
			remoteGlobalIDString = 8483B9A32A5217B200CE9495;
			remoteInfo = MenuBar;
		};
/* End PBXContainerItemProxy section */

/* Begin PBXFileReference section */
		8483B9A42A5217B200CE9495 /* MenuBar.app */ = {isa = PBXFileReference; explicitFileType = wrapper.application; includeInIndex = 0; path = MenuBar.app; sourceTree = BUILT_PRODUCTS_DIR; };
		8483B9A72A5217B200CE9495 /* AppDelegate.swift */ = {isa = PBXFileReference; lastKnownFileType = sourcecode.swift; path = AppDelegate.swift; sourceTree = "<group>"; };
		8483B9A92A5217B200CE9495 /* ViewController.swift */ = {isa = PBXFileReference; lastKnownFileType = sourcecode.swift; path = ViewController.swift; sourceTree = "<group>"; };
		8483B9AB2A5217B300CE9495 /* Assets.xcassets */ = {isa = PBXFileReference; lastKnownFileType = folder.assetcatalog; path = Assets.xcassets; sourceTree = "<group>"; };
		8483B9AE2A5217B300CE9495 /* Base */ = {isa = PBXFileReference; lastKnownFileType = file.storyboard; name = Base; path = Base.lproj/Main.storyboard; sourceTree = "<group>"; };
		8483B9B02A5217B300CE9495 /* MenuBar.entitlements */ = {isa = PBXFileReference; lastKnownFileType = text.plist.entitlements; path = MenuBar.entitlements; sourceTree = "<group>"; };
		8483B9BA2A5217D900CE9495 /* MenuBarUITests.xctest */ = {isa = PBXFileReference; explicitFileType = wrapper.cfbundle; includeInIndex = 0; path = MenuBarUITests.xctest; sourceTree = BUILT_PRODUCTS_DIR; };
		8483B9BC2A5217D900CE9495 /* MenuBarUITests.swift */ = {isa = PBXFileReference; lastKnownFileType = sourcecode.swift; path = MenuBarUITests.swift; sourceTree = "<group>"; };
		8483B9C62A5219D300CE9495 /* guiverify */ = {isa = PBXFileReference; lastKnownFileType = wrapper; name = guiverify; path = ../..; sourceTree = "<group>"; };
/* End PBXFileReference section */

/* Begin PBXFrameworksBuildPhase section */
		8483B9A12A5217B200CE9495 /* Frameworks */ = {
			isa = PBXFrameworksBuildPhase;
			buildActionMask = 2147483647;
			files = (
			);
			runOnlyForDeploymentPostprocessing = 0;
		};
		8483B9B72A5217D900CE9495 /* Frameworks */ = {
			isa = PBXFrameworksBuildPhase;
			buildActionMask = 2147483647;
			files = (
				8483B9C92A5219E700CE9495 /* guiverify in Frameworks */,
			);
			runOnlyForDeploymentPostprocessing = 0;
		};
/* End PBXFrameworksBuildPhase section */

/* Begin PBXGroup section */
		8483B99B2A5217B200CE9495 = {
			isa = PBXGroup;
			children = (
				8483B9C52A5219D300CE9495 /* Packages */,
				8483B9A62A5217B200CE9495 /* MenuBar */,
				8483B9BB2A5217D900CE9495 /* MenuBarUITests */,
				8483B9A52A5217B200CE9495 /* Products */,
				8483B9C72A5219E700CE9495 /* Frameworks */,
			);
			sourceTree = "<group>";
		};
		8483B9A52A5217B200CE9495 /* Products */ = {
			isa = PBXGroup;
			children = (
				8483B9A42A5217B200CE9495 /* MenuBar.app */,
				8483B9BA2A5217D900CE9495 /* MenuBarUITests.xctest */,
			);
			name = Products;
			sourceTree = "<group>";
		};
		8483B9A62A5217B200CE9495 /* MenuBar */ = {
			isa = PBXGroup;
			children = (
				8483B9A72A5217B200CE9495 /* AppDelegate.swift */,
				8483B9A92A5217B200CE9495 /* ViewController.swift */,
				8483B9AB2A5217B300CE9495 /* Assets.xcassets */,
				8483B9AD2A5217B300CE9495 /* Main.storyboard */,
				8483B9B02A5217B300CE9495 /* MenuBar.entitlements */,
			);
			path = MenuBar;
			sourceTree = "<group>";
		};
		8483B9BB2A5217D900CE9495 /* MenuBarUITests */ = {
			isa = PBXGroup;
			children = (
				8483B9BC2A5217D900CE9495 /* MenuBarUITests.swift */,
			);
			path = MenuBarUITests;
			sourceTree = "<group>";
		};
		8483B9C52A5219D300CE9495 /* Packages */ = {
			isa = PBXGroup;
			children = (
				8483B9C62A5219D300CE9495 /* guiverify */,
			);
			name = Packages;
			sourceTree = "<group>";
		};
		8483B9C72A5219E700CE9495 /* Frameworks */ = {
			isa = PBXGroup;
			children = (
			);
			name = Frameworks;
			sourceTree = "<group>";
		};
/* End PBXGroup section */

/* Begin PBXNativeTarget section */
		8483B9A32A5217B200CE9495 /* MenuBar */ = {
			isa = PBXNativeTarget;
			buildConfigurationList = 8483B9B32A5217B300CE9495 /* Build configuration list for PBXNativeTarget "MenuBar" */;
			buildPhases = (
				8483B9A02A5217B200CE9495 /* Sources */,
				8483B9A12A5217B200CE9495 /* Frameworks */,
				8483B9A22A5217B200CE9495 /* Resources */,
			);
			buildRules = (
			);
			dependencies = (
			);
			name = MenuBar;
			productName = MenuBar;
			productReference = 8483B9A42A5217B200CE9495 /* MenuBar.app */;
			productType = "com.apple.product-type.application";
		};
		8483B9B92A5217D900CE9495 /* MenuBarUITests */ = {
			isa = PBXNativeTarget;
			buildConfigurationList = 8483B9C22A5217D900CE9495 /* Build configuration list for PBXNativeTarget "MenuBarUITests" */;
			buildPhases = (
				8483B9B62A5217D900CE9495 /* Sources */,
				8483B9B72A5217D900CE9495 /* Frameworks */,
				8483B9B82A5217D900CE9495 /* Resources */,
			);
			buildRules = (
			);
			dependencies = (
				8483B9C12A5217D900CE9495 /* PBXTargetDependency */,
			);
			name = MenuBarUITests;
			packageProductDependencies = (
				8483B9C82A5219E700CE9495 /* guiverify */,
			);
			productName = MenuBarUITests;
			productReference = 8483B9BA2A5217D900CE9495 /* MenuBarUITests.xctest */;
			productType = "com.apple.product-type.bundle.ui-testing";
		};
/* End PBXNativeTarget section */

/* Begin PBXProject section */
		8483B99C2A5217B200CE9495 /* Project object */ = {
			isa = PBXProject;
			attributes = {
				BuildIndependentTargetsInParallel = 1;
				LastSwiftUpdateCheck = 1430;
				LastUpgradeCheck = 1430;
				TargetAttributes = {
					8483B9A32A5217B200CE9495 = {
						CreatedOnToolsVersion = 14.3.1;
					};
					8483B9B92A5217D900CE9495 = {
						CreatedOnToolsVersion = 14.3.1;
						TestTargetID = 8483B9A32A5217B200CE9495;
					};
				};
			};
			buildConfigurationList = 8483B99F2A5217B200CE9495 /* Build configuration list for PBXProject "MenuBar" */;
			compatibilityVersion = "Xcode 14.0";
			developmentRegion = en;
			hasScannedForEncodings = 0;
			knownRegions = (
				en,
				Base,
			);
			mainGroup = 8483B99B2A5217B200CE9495;
			productRefGroup = 8483B9A52A5217B200CE9495 /* Products */;
			projectDirPath = "";
			projectRoot = "";
			targets = (
				8483B9A32A5217B200CE9495 /* MenuBar */,
				8483B9B92A5217D900CE9495 /* MenuBarUITests */,
			);
		};
/* End PBXProject section */

/* Begin PBXResourcesBuildPhase section */
		8483B9A22A5217B200CE9495 /* Resources */ = {
			isa = PBXResourcesBuildPhase;
			buildActionMask = 2147483647;
			files = (
				8483B9AC2A5217B300CE9495 /* Assets.xcassets in Resources */,
				8483B9AF2A5217B300CE9495 /* Main.storyboard in Resources */,
			);
			runOnlyForDeploymentPostprocessing = 0;
		};
		8483B9B82A5217D900CE9495 /* Resources */ = {
			isa = PBXResourcesBuildPhase;
			buildActionMask = 2147483647;
			files = (
			);
			runOnlyForDeploymentPostprocessing = 0;
		};
/* End PBXResourcesBuildPhase section */

/* Begin PBXSourcesBuildPhase section */
		8483B9A02A5217B200CE9495 /* Sources */ = {
			isa = PBXSourcesBuildPhase;
			buildActionMask = 2147483647;
			files = (
				8483B9AA2A5217B200CE9495 /* ViewController.swift in Sources */,
				8483B9A82A5217B200CE9495 /* AppDelegate.swift in Sources */,
			);
			runOnlyForDeploymentPostprocessing = 0;
		};
		8483B9B62A5217D900CE9495 /* Sources */ = {
			isa = PBXSourcesBuildPhase;
			buildActionMask = 2147483647;
			files = (
				8483B9BD2A5217D900CE9495 /* MenuBarUITests.swift in Sources */,
			);
			runOnlyForDeploymentPostprocessing = 0;
		};
/* End PBXSourcesBuildPhase section */

/* Begin PBXTargetDependency section */
		8483B9C12A5217D900CE9495 /* PBXTargetDependency */ = {
			isa = PBXTargetDependency;
			target = 8483B9A32A5217B200CE9495 /* MenuBar */;
			targetProxy = 8483B9C02A5217D900CE9495 /* PBXContainerItemProxy */;
		};
/* End PBXTargetDependency section */

/* Begin PBXVariantGroup section */
		8483B9AD2A5217B300CE9495 /* Main.storyboard */ = {
			isa = PBXVariantGroup;
			children = (
				8483B9AE2A5217B300CE9495 /* Base */,
			);
			name = Main.storyboard;
			sourceTree = "<group>";
		};
/* End PBXVariantGroup section */

/* Begin XCBuildConfiguration section */
		8483B9B12A5217B300CE9495 /* Debug */ = {
			isa = XCBuildConfiguration;
			buildSettings = {
				ALWAYS_SEARCH_USER_PATHS = NO;
				CLANG_ANALYZER_NONNULL = YES;
				CLANG_ANALYZER_NUMBER_OBJECT_CONVERSION = YES_AGGRESSIVE;
				CLANG_CXX_LANGUAGE_STANDARD = "gnu++20";
				CLANG_ENABLE_MODULES = YES;
				CLANG_ENABLE_OBJC_ARC = YES;
				CLANG_ENABLE_OBJC_WEAK = YES;
				CLANG_WARN_BLOCK_CAPTURE_AUTORELEASING = YES;
				CLANG_WARN_BOOL_CONVERSION = YES;
				CLANG_WARN_COMMA = YES;
				CLANG_WARN_CONSTANT_CONVERSION = YES;
				CLANG_WARN_DEPRECATED_OBJC_IMPLEMENTATIONS = YES;
				CLANG_WARN_DIRECT_OBJC_ISA_USAGE = YES_ERROR;
				CLANG_WARN_DOCUMENTATION_COMMENTS = YES;
				CLANG_WARN_EMPTY_BODY = YES;
				CLANG_WARN_ENUM_CONVERSION = YES;
				CLANG_WARN_INFINITE_RECURSION = YES;
				CLANG_WARN_INT_CONVERSION = YES;
				CLANG_WARN_NON_LITERAL_NULL_CONVERSION = YES;
				CLANG_WARN_OBJC_IMPLICIT_RETAIN_SELF = YES;
				CLANG_WARN_OBJC_LITERAL_CONVERSION = YES;
				CLANG_WARN_OBJC_ROOT_CLASS = YES_ERROR;
				CLANG_WARN_QUOTED_INCLUDE_IN_FRAMEWORK_HEADER = YES;
				CLANG_WARN_RANGE_LOOP_ANALYSIS = YES;
				CLANG_WARN_STRICT_PROTOTYPES = YES;
				CLANG_WARN_SUSPICIOUS_MOVE = YES;
				CLANG_WARN_UNGUARDED_AVAILABILITY = YES_AGGRESSIVE;
				CLANG_WARN_UNREACHABLE_CODE = YES;
				CLANG_WARN__DUPLICATE_METHOD_MATCH = YES;
				COPY_PHASE_STRIP = NO;
				DEBUG_INFORMATION_FORMAT = dwarf;
				ENABLE_STRICT_OBJC_MSGSEND = YES;
				ENABLE_TESTABILITY = YES;
				GCC_C_LANGUAGE_STANDARD = gnu11;
				GCC_DYNAMIC_NO_PIC = NO;
				GCC_NO_COMMON_BLOCKS = YES;
				GCC_OPTIMIZATION_LEVEL = 0;
				GCC_PREPROCESSOR_DEFINITIONS = (
					"DEBUG=1",
					"$(inherited)",
				);
				GCC_WARN_64_TO_32_BIT_CONVERSION = YES;
				GCC_WARN_ABOUT_RETURN_TYPE = YES_ERROR;
				GCC_WARN_UNDECLARED_SELECTOR = YES;
				GCC_WARN_UNINITIALIZED_AUTOS = YES_AGGRESSIVE;
				GCC_WARN_UNUSED_FUNCTION = YES;
				GCC_WARN_UNUSED_VARIABLE = YES;
				MACOSX_DEPLOYMENT_TARGET = 13.3;
				MTL_ENABLE_DEBUG_INFO = INCLUDE_SOURCE;
				MTL_FAST_MATH = YES;
				ONLY_ACTIVE_ARCH = YES;
				SDKROOT = macosx;
				SWIFT_ACTIVE_COMPILATION_CONDITIONS = DEBUG;
				SWIFT_OPTIMIZATION_LEVEL = "-Onone";
			};
			name = Debug;
		};
		8483B9B22A5217B300CE9495 /* Release */ = {
			isa = XCBuildConfiguration;
			buildSettings = {
				ALWAYS_SEARCH_USER_PATHS = NO;
				CLANG_ANALYZER_NONNULL = YES;
				CLANG_ANALYZER_NUMBER_OBJECT_CONVERSION = YES_AGGRESSIVE;
				CLANG_CXX_LANGUAGE_STANDARD = "gnu++20";
				CLANG_ENABLE_MODULES = YES;
				CLANG_ENABLE_OBJC_ARC = YES;
				CLANG_ENABLE_OBJC_WEAK = YES;
				CLANG_WARN_BLOCK_CAPTURE_AUTORELEASING = YES;
				CLANG_WARN_BOOL_CONVERSION = YES;
				CLANG_WARN_COMMA = YES;
				CLANG_WARN_CONSTANT_CONVERSION = YES;
				CLANG_WARN_DEPRECATED_OBJC_IMPLEMENTATIONS = YES;
				CLANG_WARN_DIRECT_OBJC_ISA_USAGE = YES_ERROR;
				CLANG_WARN_DOCUMENTATION_COMMENTS = YES;
				CLANG_WARN_EMPTY_BODY = YES;
				CLANG_WARN_ENUM_CONVERSION = YES;
				CLANG_WARN_INFINITE_RECURSION = YES;
				CLANG_WARN_INT_CONVERSION = YES;
				CLANG_WARN_NON_LITERAL_NULL_CONVERSION = YES;
				CLANG_WARN_OBJC_IMPLICIT_RETAIN_SELF = YES;
				CLANG_WARN_OBJC_LITERAL_CONVERSION = YES;
				CLANG_WARN_OBJC_ROOT_CLASS = YES_ERROR;
				CLANG_WARN_QUOTED_INCLUDE_IN_FRAMEWORK_HEADER = YES;
				CLANG_WARN_RANGE_LOOP_ANALYSIS = YES;
				CLANG_WARN_STRICT_PROTOTYPES = YES;
				CLANG_WARN_SUSPICIOUS_MOVE = YES;
				CLANG_WARN_UNGUARDED_AVAILABILITY = YES_AGGRESSIVE;
				CLANG_WARN_UNREACHABLE_CODE = YES;
				CLANG_WARN__DUPLICATE_METHOD_MATCH = YES;
				COPY_PHASE_STRIP = NO;
				DEBUG_INFORMATION_FORMAT = "dwarf-with-dsym";
				ENABLE_NS_ASSERTIONS = NO;
				ENABLE_STRICT_OBJC_MSGSEND = YES;
				GCC_C_LANGUAGE_STANDARD = gnu11;
				GCC_NO_COMMON_BLOCKS = YES;
				GCC_WARN_64_TO_32_BIT_CONVERSION = YES;
				GCC_WARN_ABOUT_RETURN_TYPE = YES_ERROR;
				GCC_WARN_UNDECLARED_SELECTOR = YES;
				GCC_WARN_UNINITIALIZED_AUTOS = YES_AGGRESSIVE;
				GCC_WARN_UNUSED_FUNCTION = YES;
				GCC_WARN_UNUSED_VARIABLE = YES;
				MACOSX_DEPLOYMENT_TARGET = 13.3;
				MTL_ENABLE_DEBUG_INFO = NO;
				MTL_FAST_MATH = YES;
				SDKROOT = macosx;
				SWIFT_COMPILATION_MODE = wholemodule;
				SWIFT_OPTIMIZATION_LEVEL = "-O";
			};
			name = Release;
		};
		8483B9B42A5217B300CE9495 /* Debug */ = {
			isa = XCBuildConfiguration;
			buildSettings = {
				ASSETCATALOG_COMPILER_APPICON_NAME = AppIcon;
				ASSETCATALOG_COMPILER_GLOBAL_ACCENT_COLOR_NAME = AccentColor;
				CODE_SIGN_ENTITLEMENTS = MenuBar/MenuBar.entitlements;
				CODE_SIGN_STYLE = Automatic;
				COMBINE_HIDPI_IMAGES = YES;
				CURRENT_PROJECT_VERSION = 1;
				DEVELOPMENT_TEAM = 4Y5NM4C9D2;
				ENABLE_HARDENED_RUNTIME = YES;
				GENERATE_INFOPLIST_FILE = YES;
				INFOPLIST_KEY_NSHumanReadableCopyright = "";
				INFOPLIST_KEY_NSMainStoryboardFile = Main;
				INFOPLIST_KEY_NSPrincipalClass = NSApplication;
				LD_RUNPATH_SEARCH_PATHS = (
					"$(inherited)",
					"@executable_path/../Frameworks",
				);
				MACOSX_DEPLOYMENT_TARGET = 11.0;
				MARKETING_VERSION = 1.0;
				PRODUCT_BUNDLE_IDENTIFIER = com.bilous.MenuBar;
				PRODUCT_NAME = "$(TARGET_NAME)";
				SWIFT_EMIT_LOC_STRINGS = YES;
				SWIFT_VERSION = 5.0;
			};
			name = Debug;
		};
		8483B9B52A5217B300CE9495 /* Release */ = {
			isa = XCBuildConfiguration;
			buildSettings = {
				ASSETCATALOG_COMPILER_APPICON_NAME = AppIcon;
				ASSETCATALOG_COMPILER_GLOBAL_ACCENT_COLOR_NAME = AccentColor;
				CODE_SIGN_ENTITLEMENTS = MenuBar/MenuBar.entitlements;
				CODE_SIGN_STYLE = Automatic;
				COMBINE_HIDPI_IMAGES = YES;
				CURRENT_PROJECT_VERSION = 1;
				DEVELOPMENT_TEAM = 4Y5NM4C9D2;
				ENABLE_HARDENED_RUNTIME = YES;
				GENERATE_INFOPLIST_FILE = YES;
				INFOPLIST_KEY_NSHumanReadableCopyright = "";
				INFOPLIST_KEY_NSMainStoryboardFile = Main;
				INFOPLIST_KEY_NSPrincipalClass = NSApplication;
				LD_RUNPATH_SEARCH_PATHS = (
					"$(inherited)",
					"@executable_path/../Frameworks",
				);
				MACOSX_DEPLOYMENT_TARGET = 11.0;
				MARKETING_VERSION = 1.0;
				PRODUCT_BUNDLE_IDENTIFIER = com.bilous.MenuBar;
				PRODUCT_NAME = "$(TARGET_NAME)";
				SWIFT_EMIT_LOC_STRINGS = YES;
				SWIFT_VERSION = 5.0;
			};
			name = Release;
		};
		8483B9C32A5217D900CE9495 /* Debug */ = {
			isa = XCBuildConfiguration;
			buildSettings = {
				CODE_SIGN_STYLE = Automatic;
				CURRENT_PROJECT_VERSION = 1;
				DEVELOPMENT_TEAM = 4Y5NM4C9D2;
				GENERATE_INFOPLIST_FILE = YES;
				MACOSX_DEPLOYMENT_TARGET = 11.0;
				MARKETING_VERSION = 1.0;
				PRODUCT_BUNDLE_IDENTIFIER = com.bilous.MenuBarUITests;
				PRODUCT_NAME = "$(TARGET_NAME)";
				SWIFT_EMIT_LOC_STRINGS = NO;
				SWIFT_VERSION = 5.0;
				TEST_TARGET_NAME = MenuBar;
			};
			name = Debug;
		};
		8483B9C42A5217D900CE9495 /* Release */ = {
			isa = XCBuildConfiguration;
			buildSettings = {
				CODE_SIGN_STYLE = Automatic;
				CURRENT_PROJECT_VERSION = 1;
				DEVELOPMENT_TEAM = 4Y5NM4C9D2;
				GENERATE_INFOPLIST_FILE = YES;
				MACOSX_DEPLOYMENT_TARGET = 11.0;
				MARKETING_VERSION = 1.0;
				PRODUCT_BUNDLE_IDENTIFIER = com.bilous.MenuBarUITests;
				PRODUCT_NAME = "$(TARGET_NAME)";
				SWIFT_EMIT_LOC_STRINGS = NO;
				SWIFT_VERSION = 5.0;
				TEST_TARGET_NAME = MenuBar;
			};
			name = Release;
		};
/* End XCBuildConfiguration section */

/* Begin XCConfigurationList section */
		8483B99F2A5217B200CE9495 /* Build configuration list for PBXProject "MenuBar" */ = {
			isa = XCConfigurationList;
			buildConfigurations = (
				8483B9B12A5217B300CE9495 /* Debug */,
				8483B9B22A5217B300CE9495 /* Release */,
			);
			defaultConfigurationIsVisible = 0;
			defaultConfigurationName = Release;
		};
		8483B9B32A5217B300CE9495 /* Build configuration list for PBXNativeTarget "MenuBar" */ = {
			isa = XCConfigurationList;
			buildConfigurations = (
				8483B9B42A5217B300CE9495 /* Debug */,
				8483B9B52A5217B300CE9495 /* Release */,
			);
			defaultConfigurationIsVisible = 0;
			defaultConfigurationName = Release;
		};
		8483B9C22A5217D900CE9495 /* Build configuration list for PBXNativeTarget "MenuBarUITests" */ = {
			isa = XCConfigurationList;
			buildConfigurations = (
				8483B9C32A5217D900CE9495 /* Debug */,
				8483B9C42A5217D900CE9495 /* Release */,
			);
			defaultConfigurationIsVisible = 0;
			defaultConfigurationName = Release;
		};
/* End XCConfigurationList section */

/* Begin XCSwiftPackageProductDependency section */
		8483B9C82A5219E700CE9495 /* guiverify */ = {
			isa = XCSwiftPackageProductDependency;
			productName = guiverify;
		};
/* End XCSwiftPackageProductDependency section */
	};
	rootObject = 8483B99C2A5217B200CE9495 /* Project object */;
}
